github.com/FasterEdge/MqttBrokerCore v1.0.20260904 h1:GXCheVLBa2kVWrbPfLWG5fPGBfD74aNzC5agXhHPPZg=
github.com/FasterEdge/MqttBrokerCore v1.0.20260904/go.mod h1:tC3xE52PZS19tWuCyTrA1sh4xVmckUbq9NR/Ldf3cCg=
github.com/google/uuid v1.6.0 h1:NIvaJDMOsjHA8n1jAhLSgzrAzy1Hgr+hNrb57e+94F0=
github.com/google/uuid v1.6.0/go.mod h1:TIyPZe4MgqvfeYDBFedMoGGpEw/LqOeaOT+nhxU+yHo=
golang.org/x/net v0.58.0 h1:ynWG7rqYi4ccpTEuPZ2QGWHktVEM9DMCj9yzDE0Q7To=
golang.org/x/net v0.58.0/go.mod h1:YwCddHnFlT7eLQqVprV19OnhLGtc5xOKgE0RyqgfWAU=
